
Microsoft Visual Studio Solution File, Format Version 12.00
# Visual Studio 14
VisualStudioVersion = 14.0.25420.1
MinimumVisualStudioVersion = 10.0.40219.1
Project("{FAE04EC0-301F-11D3-BF4B-00C04F79EFBC}") = "HR", "HR\HR.csproj", "{3B43C657-7553-4E8B-BE10-E13D66928372}"
EndProject
Project("{54435603-DBB4-11D2-8724-00A0C9A8B90C}") = "HR Setup", "HR Setup\HR Setup.vdproj", "{6E85794D-5945-4DE6-B046-196B7A0F3A10}"
EndProject
Global
	GlobalSection(SolutionConfigurationPlatforms) = preSolution
		Debug|Any CPU = Debug|Any CPU
		Release|Any CPU = Release|Any CPU
	EndGlobalSection
	GlobalSection(ProjectConfigurationPlatforms) = postSolution
		{3B43C657-7553-4E8B-BE10-E13D66928372}.Debug|Any CPU.ActiveCfg = Debug|Any CPU
		{3B43C657-7553-4E8B-BE10-E13D66928372}.Debug|Any CPU.Build.0 = Debug|Any CPU
		{3B43C657-7553-4E8B-BE10-E13D66928372}.Release|Any CPU.ActiveCfg = Release|Any CPU
		{3B43C657-7553-4E8B-BE10-E13D66928372}.Release|Any CPU.Build.0 = Release|Any CPU
		{6E85794D-5945-4DE6-B046-196B7A0F3A10}.Debug|Any CPU.ActiveCfg = Debug
		{6E85794D-5945-4DE6-B046-196B7A0F3A10}.Release|Any CPU.ActiveCfg = Release
	EndGlobalSection
	GlobalSection(SolutionProperties) = preSolution
		HideSolutionNode = FALSE
	EndGlobalSection
EndGlobal
